
Microsoft Visual Studio Solution File, Format Version 12.00
# Visual Studio Version 17
VisualStudioVersion = 17.9.34728.123
MinimumVisualStudioVersion = 10.0.40219.1
Project("{FAE04EC0-301F-11D3-BF4B-00C04F79EFBC}") = "SeniorLearnV3", "SeniorLearnV3\SeniorLearnV3.csproj", "{07911124-A90F-403F-8DBF-0A357259E8A4}"
EndProject
Global
	GlobalSection(SolutionConfigurationPlatforms) = preSolution
		Debug|Any CPU = Debug|Any CPU
		Release|Any CPU = Release|Any CPU
	EndGlobalSection
	GlobalSection(ProjectConfigurationPlatforms) = postSolution
		{07911124-A90F-403F-8DBF-0A357259E8A4}.Debug|Any CPU.ActiveCfg = Debug|Any CPU
		{07911124-A90F-403F-8DBF-0A357259E8A4}.Debug|Any CPU.Build.0 = Debug|Any CPU
		{07911124-A90F-403F-8DBF-0A357259E8A4}.Release|Any CPU.ActiveCfg = Release|Any CPU
		{07911124-A90F-403F-8DBF-0A357259E8A4}.Release|Any CPU.Build.0 = Release|Any CPU
	EndGlobalSection
	GlobalSection(SolutionProperties) = preSolution
		HideSolutionNode = FALSE
	EndGlobalSection
	GlobalSection(ExtensibilityGlobals) = postSolution
		SolutionGuid = {0051668B-1B6A-4FDD-ABE9-538AB80D7554}
	EndGlobalSection
EndGlobal
